
Microsoft Visual Studio Solution File, Format Version 12.00
Project("{FAE04EC0-301F-11D3-BF4B-00C04F79EFBC}") = "Doki", "src\Doki\Doki.csproj", "{6F31B87A-2BD3-4FB4-8C08-7E059A338D4A}"
EndProject
Project("{FAE04EC0-301F-11D3-BF4B-00C04F79EFBC}") = "Doki.CommandLine", "src\Doki.CommandLine\Doki.CommandLine.csproj", "{9F78CDE3-BC56-4AE0-95AB-D4A061DC7028}"
EndProject
Project("{FAE04EC0-301F-11D3-BF4B-00C04F79EFBC}") = "Doki.Output.Abstractions", "src\Doki.Output.Abstractions\Doki.Output.Abstractions.csproj", "{57EF4554-C84D-4988-94CF-9D6E908BE10C}"
EndProject
Project("{FAE04EC0-301F-11D3-BF4B-00C04F79EFBC}") = "Doki.Output.Markdown", "src\Doki.Output.Markdown\Doki.Output.Markdown.csproj", "{33DFFEBE-DB9E-4960-BB4E-3B58399E132C}"
EndProject
Project("{FAE04EC0-301F-11D3-BF4B-00C04F79EFBC}") = "Doki.Abstractions", "src\Doki.Abstractions\Doki.Abstractions.csproj", "{2102459F-D7AB-4B7A-98A6-D76812E6C745}"
EndProject
Project("{2150E333-8FDC-42A3-9474-1A3956D46DE8}") = "Tests", "Tests", "{8C7B5305-B599-4F08-B28B-DD9F1715DD51}"
EndProject
Project("{FAE04EC0-301F-11D3-BF4B-00C04F79EFBC}") = "Doki.Tests.Snapshots", "tests\Doki.Tests.Snapshots\Doki.Tests.Snapshots.csproj", "{CAB123B6-8D28-4F18-8C23-F9BCBF434821}"
EndProject
Project("{2150E333-8FDC-42A3-9474-1A3956D46DE8}") = "TestAssemblies", "TestAssemblies", "{08041208-BE3D-4BE8-9AF7-806B73985275}"
EndProject
Project("{FAE04EC0-301F-11D3-BF4B-00C04F79EFBC}") = "Doki.TestAssembly.ParentRootNamespace", "tests\assemblies\Doki.TestAssembly.ParentRootNamespace\Doki.TestAssembly.ParentRootNamespace.csproj", "{2DD37B99-1A80-4F0E-B817-BA277DFC6454}"
EndProject
Project("{FAE04EC0-301F-11D3-BF4B-00C04F79EFBC}") = "Doki.TestAssembly.InheritanceChain", "tests\assemblies\Doki.TestAssembly.InheritanceChain\Doki.TestAssembly.InheritanceChain.csproj", "{4ED3E654-E076-463C-B744-A1F5111820E3}"
EndProject
Project("{FAE04EC0-301F-11D3-BF4B-00C04F79EFBC}") = "Doki.TestAssembly.InheritanceChain.Abstractions", "tests\assemblies\Doki.TestAssembly.InheritanceChain.Abstractions\Doki.TestAssembly.InheritanceChain.Abstractions.csproj", "{200E8D34-D772-4D46-A87C-6AD84F8AE731}"
EndProject
Project("{2150E333-8FDC-42A3-9474-1A3956D46DE8}") = "Output", "Output", "{568576F3-3D48-459E-B4D2-1790DAE80E7A}"
EndProject
Project("{FAE04EC0-301F-11D3-BF4B-00C04F79EFBC}") = "Doki.Output.Extensions", "src\Doki.Output.Extensions\Doki.Output.Extensions.csproj", "{A89D22B2-2427-4863-A2D9-9E1BEFF37C61}"
EndProject
Project("{FAE04EC0-301F-11D3-BF4B-00C04F79EFBC}") = "Doki.Output.Json", "src\Doki.Output.Json\Doki.Output.Json.csproj", "{00BCCBC0-A719-489C-A746-559B4D055B56}"
EndProject
Project("{FAE04EC0-301F-11D3-BF4B-00C04F79EFBC}") = "Doki.Output.Json.Tests", "tests\Doki.Output.Json.Tests\Doki.Output.Json.Tests.csproj", "{6CCD9EE6-B3FC-485F-9155-553165141B20}"
EndProject
Project("{FAE04EC0-301F-11D3-BF4B-00C04F79EFBC}") = "Doki.TestAssembly", "tests\assemblies\Doki.TestAssembly\Doki.TestAssembly.csproj", "{0293D689-DFDC-4A78-80D8-BFC11DB0A175}"
EndProject
Project("{FAE04EC0-301F-11D3-BF4B-00C04F79EFBC}") = "Doki.Tests.Common", "tests\Doki.Tests.Common\Doki.Tests.Common.csproj", "{0FA0FF7A-6EDA-4CB1-8D81-2DFB1A4077CC}"
EndProject
Project("{FAE04EC0-301F-11D3-BF4B-00C04F79EFBC}") = "Doki.Extensions", "src\Doki.Extensions\Doki.Extensions.csproj", "{9961F717-DBD7-4987-9E68-2B85BB5830B4}"
EndProject
Project("{FAE04EC0-301F-11D3-BF4B-00C04F79EFBC}") = "Doki.CommandLine.Tests", "tests\Doki.CommandLine.Tests\Doki.CommandLine.Tests.csproj", "{67B12AF1-2696-411F-ADFD-B5C32A43BA71}"
EndProject
Project("{FAE04EC0-301F-11D3-BF4B-00C04F79EFBC}") = "Doki.Extensions.Tests", "tests\Doki.Extensions.Tests\Doki.Extensions.Tests.csproj", "{863614BC-38CF-4CF5-BE4B-B8EC01AE4FB6}"
EndProject
Global
	GlobalSection(SolutionConfigurationPlatforms) = preSolution
		Debug|Any CPU = Debug|Any CPU
		Release|Any CPU = Release|Any CPU
	EndGlobalSection
	GlobalSection(NestedProjects) = preSolution
		{CAB123B6-8D28-4F18-8C23-F9BCBF434821} = {8C7B5305-B599-4F08-B28B-DD9F1715DD51}
		{08041208-BE3D-4BE8-9AF7-806B73985275} = {8C7B5305-B599-4F08-B28B-DD9F1715DD51}
		{2DD37B99-1A80-4F0E-B817-BA277DFC6454} = {08041208-BE3D-4BE8-9AF7-806B73985275}
		{4ED3E654-E076-463C-B744-A1F5111820E3} = {08041208-BE3D-4BE8-9AF7-806B73985275}
		{200E8D34-D772-4D46-A87C-6AD84F8AE731} = {08041208-BE3D-4BE8-9AF7-806B73985275}
		{57EF4554-C84D-4988-94CF-9D6E908BE10C} = {568576F3-3D48-459E-B4D2-1790DAE80E7A}
		{33DFFEBE-DB9E-4960-BB4E-3B58399E132C} = {568576F3-3D48-459E-B4D2-1790DAE80E7A}
		{A89D22B2-2427-4863-A2D9-9E1BEFF37C61} = {568576F3-3D48-459E-B4D2-1790DAE80E7A}
		{00BCCBC0-A719-489C-A746-559B4D055B56} = {568576F3-3D48-459E-B4D2-1790DAE80E7A}
		{6CCD9EE6-B3FC-485F-9155-553165141B20} = {8C7B5305-B599-4F08-B28B-DD9F1715DD51}
		{0293D689-DFDC-4A78-80D8-BFC11DB0A175} = {08041208-BE3D-4BE8-9AF7-806B73985275}
		{0FA0FF7A-6EDA-4CB1-8D81-2DFB1A4077CC} = {8C7B5305-B599-4F08-B28B-DD9F1715DD51}
		{67B12AF1-2696-411F-ADFD-B5C32A43BA71} = {8C7B5305-B599-4F08-B28B-DD9F1715DD51}
		{863614BC-38CF-4CF5-BE4B-B8EC01AE4FB6} = {8C7B5305-B599-4F08-B28B-DD9F1715DD51}
	EndGlobalSection
	GlobalSection(ProjectConfigurationPlatforms) = postSolution
		{6F31B87A-2BD3-4FB4-8C08-7E059A338D4A}.Debug|Any CPU.ActiveCfg = Debug|Any CPU
		{6F31B87A-2BD3-4FB4-8C08-7E059A338D4A}.Debug|Any CPU.Build.0 = Debug|Any CPU
		{6F31B87A-2BD3-4FB4-8C08-7E059A338D4A}.Release|Any CPU.ActiveCfg = Release|Any CPU
		{6F31B87A-2BD3-4FB4-8C08-7E059A338D4A}.Release|Any CPU.Build.0 = Release|Any CPU
		{9F78CDE3-BC56-4AE0-95AB-D4A061DC7028}.Debug|Any CPU.ActiveCfg = Debug|Any CPU
		{9F78CDE3-BC56-4AE0-95AB-D4A061DC7028}.Debug|Any CPU.Build.0 = Debug|Any CPU
		{9F78CDE3-BC56-4AE0-95AB-D4A061DC7028}.Release|Any CPU.ActiveCfg = Release|Any CPU
		{9F78CDE3-BC56-4AE0-95AB-D4A061DC7028}.Release|Any CPU.Build.0 = Release|Any CPU
		{57EF4554-C84D-4988-94CF-9D6E908BE10C}.Debug|Any CPU.ActiveCfg = Debug|Any CPU
		{57EF4554-C84D-4988-94CF-9D6E908BE10C}.Debug|Any CPU.Build.0 = Debug|Any CPU
		{57EF4554-C84D-4988-94CF-9D6E908BE10C}.Release|Any CPU.ActiveCfg = Release|Any CPU
		{57EF4554-C84D-4988-94CF-9D6E908BE10C}.Release|Any CPU.Build.0 = Release|Any CPU
		{33DFFEBE-DB9E-4960-BB4E-3B58399E132C}.Debug|Any CPU.ActiveCfg = Debug|Any CPU
		{33DFFEBE-DB9E-4960-BB4E-3B58399E132C}.Debug|Any CPU.Build.0 = Debug|Any CPU
		{33DFFEBE-DB9E-4960-BB4E-3B58399E132C}.Release|Any CPU.ActiveCfg = Release|Any CPU
		{33DFFEBE-DB9E-4960-BB4E-3B58399E132C}.Release|Any CPU.Build.0 = Release|Any CPU
		{2102459F-D7AB-4B7A-98A6-D76812E6C745}.Debug|Any CPU.ActiveCfg = Debug|Any CPU
		{2102459F-D7AB-4B7A-98A6-D76812E6C745}.Debug|Any CPU.Build.0 = Debug|Any CPU
		{2102459F-D7AB-4B7A-98A6-D76812E6C745}.Release|Any CPU.ActiveCfg = Release|Any CPU
		{2102459F-D7AB-4B7A-98A6-D76812E6C745}.Release|Any CPU.Build.0 = Release|Any CPU
		{CAB123B6-8D28-4F18-8C23-F9BCBF434821}.Debug|Any CPU.ActiveCfg = Debug|Any CPU
		{CAB123B6-8D28-4F18-8C23-F9BCBF434821}.Debug|Any CPU.Build.0 = Debug|Any CPU
		{CAB123B6-8D28-4F18-8C23-F9BCBF434821}.Release|Any CPU.ActiveCfg = Release|Any CPU
		{CAB123B6-8D28-4F18-8C23-F9BCBF434821}.Release|Any CPU.Build.0 = Release|Any CPU
		{2DD37B99-1A80-4F0E-B817-BA277DFC6454}.Debug|Any CPU.ActiveCfg = Debug|Any CPU
		{2DD37B99-1A80-4F0E-B817-BA277DFC6454}.Debug|Any CPU.Build.0 = Debug|Any CPU
		{2DD37B99-1A80-4F0E-B817-BA277DFC6454}.Release|Any CPU.ActiveCfg = Release|Any CPU
		{2DD37B99-1A80-4F0E-B817-BA277DFC6454}.Release|Any CPU.Build.0 = Release|Any CPU
		{4ED3E654-E076-463C-B744-A1F5111820E3}.Debug|Any CPU.ActiveCfg = Debug|Any CPU
		{4ED3E654-E076-463C-B744-A1F5111820E3}.Debug|Any CPU.Build.0 = Debug|Any CPU
		{4ED3E654-E076-463C-B744-A1F5111820E3}.Release|Any CPU.ActiveCfg = Release|Any CPU
		{4ED3E654-E076-463C-B744-A1F5111820E3}.Release|Any CPU.Build.0 = Release|Any CPU
		{200E8D34-D772-4D46-A87C-6AD84F8AE731}.Debug|Any CPU.ActiveCfg = Debug|Any CPU
		{200E8D34-D772-4D46-A87C-6AD84F8AE731}.Debug|Any CPU.Build.0 = Debug|Any CPU
		{200E8D34-D772-4D46-A87C-6AD84F8AE731}.Release|Any CPU.ActiveCfg = Release|Any CPU
		{200E8D34-D772-4D46-A87C-6AD84F8AE731}.Release|Any CPU.Build.0 = Release|Any CPU
		{A89D22B2-2427-4863-A2D9-9E1BEFF37C61}.Debug|Any CPU.ActiveCfg = Debug|Any CPU
		{A89D22B2-2427-4863-A2D9-9E1BEFF37C61}.Debug|Any CPU.Build.0 = Debug|Any CPU
		{A89D22B2-2427-4863-A2D9-9E1BEFF37C61}.Release|Any CPU.ActiveCfg = Release|Any CPU
		{A89D22B2-2427-4863-A2D9-9E1BEFF37C61}.Release|Any CPU.Build.0 = Release|Any CPU
		{00BCCBC0-A719-489C-A746-559B4D055B56}.Debug|Any CPU.ActiveCfg = Debug|Any CPU
		{00BCCBC0-A719-489C-A746-559B4D055B56}.Debug|Any CPU.Build.0 = Debug|Any CPU
		{00BCCBC0-A719-489C-A746-559B4D055B56}.Release|Any CPU.ActiveCfg = Release|Any CPU
		{00BCCBC0-A719-489C-A746-559B4D055B56}.Release|Any CPU.Build.0 = Release|Any CPU
		{6CCD9EE6-B3FC-485F-9155-553165141B20}.Debug|Any CPU.ActiveCfg = Debug|Any CPU
		{6CCD9EE6-B3FC-485F-9155-553165141B20}.Debug|Any CPU.Build.0 = Debug|Any CPU
		{6CCD9EE6-B3FC-485F-9155-553165141B20}.Release|Any CPU.ActiveCfg = Release|Any CPU
		{6CCD9EE6-B3FC-485F-9155-553165141B20}.Release|Any CPU.Build.0 = Release|Any CPU
		{0293D689-DFDC-4A78-80D8-BFC11DB0A175}.Debug|Any CPU.ActiveCfg = Debug|Any CPU
		{0293D689-DFDC-4A78-80D8-BFC11DB0A175}.Debug|Any CPU.Build.0 = Debug|Any CPU
		{0293D689-DFDC-4A78-80D8-BFC11DB0A175}.Release|Any CPU.ActiveCfg = Release|Any CPU
		{0293D689-DFDC-4A78-80D8-BFC11DB0A175}.Release|Any CPU.Build.0 = Release|Any CPU
		{0FA0FF7A-6EDA-4CB1-8D81-2DFB1A4077CC}.Debug|Any CPU.ActiveCfg = Debug|Any CPU
		{0FA0FF7A-6EDA-4CB1-8D81-2DFB1A4077CC}.Debug|Any CPU.Build.0 = Debug|Any CPU
		{0FA0FF7A-6EDA-4CB1-8D81-2DFB1A4077CC}.Release|Any CPU.ActiveCfg = Release|Any CPU
		{0FA0FF7A-6EDA-4CB1-8D81-2DFB1A4077CC}.Release|Any CPU.Build.0 = Release|Any CPU
		{9961F717-DBD7-4987-9E68-2B85BB5830B4}.Debug|Any CPU.ActiveCfg = Debug|Any CPU
		{9961F717-DBD7-4987-9E68-2B85BB5830B4}.Debug|Any CPU.Build.0 = Debug|Any CPU
		{9961F717-DBD7-4987-9E68-2B85BB5830B4}.Release|Any CPU.ActiveCfg = Release|Any CPU
		{9961F717-DBD7-4987-9E68-2B85BB5830B4}.Release|Any CPU.Build.0 = Release|Any CPU
		{67B12AF1-2696-411F-ADFD-B5C32A43BA71}.Debug|Any CPU.ActiveCfg = Debug|Any CPU
		{67B12AF1-2696-411F-ADFD-B5C32A43BA71}.Debug|Any CPU.Build.0 = Debug|Any CPU
		{67B12AF1-2696-411F-ADFD-B5C32A43BA71}.Release|Any CPU.ActiveCfg = Release|Any CPU
		{67B12AF1-2696-411F-ADFD-B5C32A43BA71}.Release|Any CPU.Build.0 = Release|Any CPU
		{863614BC-38CF-4CF5-BE4B-B8EC01AE4FB6}.Debug|Any CPU.ActiveCfg = Debug|Any CPU
		{863614BC-38CF-4CF5-BE4B-B8EC01AE4FB6}.Debug|Any CPU.Build.0 = Debug|Any CPU
		{863614BC-38CF-4CF5-BE4B-B8EC01AE4FB6}.Release|Any CPU.ActiveCfg = Release|Any CPU
		{863614BC-38CF-4CF5-BE4B-B8EC01AE4FB6}.Release|Any CPU.Build.0 = Release|Any CPU
	EndGlobalSection
EndGlobal
